# This file is autogenerated, do not edit; changes may be undone by the next 'dep ensure'.


[[projects]]
  name = "github.com/google/go-cmp"
  packages = ["cmp","cmp/internal/diff","cmp/internal/function","cmp/internal/value"]
  revision = "3af367b6b30c263d47e8895973edcca9a49cf029"
  version = "v0.2.0"

[[projects]]
  name = "github.com/pkg/errors"
  packages = ["."]
  revision = "ba968bfe8b2f7e042a574c888954fccecfa385b4"
  version = "v0.8.1"

[[projects]]
  name = "gotest.tools"
  packages = ["assert","assert/cmp","internal/difflib","internal/format","internal/source"]
  revision = "1083505acf35a0bd8a696b26837e1fb3187a7a83"
  version = "v2.3.0"

[solve-meta]
  analyzer-name = "dep"
  analyzer-version = 1
  inputs-digest = "d4997f3a48c5ca857fb298ef56d58240101d6a32e69ea5ab8fd310514dfdcf73"
  solver-name = "gps-cdcl"
  solver-version = 1
